
Microsoft Visual Studio Solution File, Format Version 12.00
# Visual Studio Version 17
VisualStudioVersion = 17.4.33403.182
MinimumVisualStudioVersion = 10.0.40219.1
Project("{FAE04EC0-301F-11D3-BF4B-00C04F79EFBC}") = "CodingAssignment.Expenses", "CodingAssignment.Expenses\CodingAssignment.Expenses.csproj", "{DD556A28-59A6-4CD3-BB77-42098DDCD8DB}"
EndProject
Project("{FAE04EC0-301F-11D3-BF4B-00C04F79EFBC}") = "CodingAssignment.Expenses.Tests", "CodingAssignment.Expenses.Tests\CodingAssignment.Expenses.Tests.csproj", "{BD830445-13C3-4E2B-9DDB-0668BD40607E}"
EndProject
Global
	GlobalSection(SolutionConfigurationPlatforms) = preSolution
		Debug|Any CPU = Debug|Any CPU
		Release|Any CPU = Release|Any CPU
	EndGlobalSection
	GlobalSection(ProjectConfigurationPlatforms) = postSolution
		{DD556A28-59A6-4CD3-BB77-42098DDCD8DB}.Debug|Any CPU.ActiveCfg = Debug|Any CPU
		{DD556A28-59A6-4CD3-BB77-42098DDCD8DB}.Debug|Any CPU.Build.0 = Debug|Any CPU
		{DD556A28-59A6-4CD3-BB77-42098DDCD8DB}.Release|Any CPU.ActiveCfg = Release|Any CPU
		{DD556A28-59A6-4CD3-BB77-42098DDCD8DB}.Release|Any CPU.Build.0 = Release|Any CPU
		{BD830445-13C3-4E2B-9DDB-0668BD40607E}.Debug|Any CPU.ActiveCfg = Debug|Any CPU
		{BD830445-13C3-4E2B-9DDB-0668BD40607E}.Debug|Any CPU.Build.0 = Debug|Any CPU
		{BD830445-13C3-4E2B-9DDB-0668BD40607E}.Release|Any CPU.ActiveCfg = Release|Any CPU
		{BD830445-13C3-4E2B-9DDB-0668BD40607E}.Release|Any CPU.Build.0 = Release|Any CPU
	EndGlobalSection
	GlobalSection(SolutionProperties) = preSolution
		HideSolutionNode = FALSE
	EndGlobalSection
	GlobalSection(ExtensibilityGlobals) = postSolution
		SolutionGuid = {84D2AC10-64E3-47C6-957F-AB8172BF3C69}
	EndGlobalSection
EndGlobal
